
Microsoft Visual Studio Solution File, Format Version 12.00
# Visual Studio Version 17
VisualStudioVersion = 17.10.35122.118
MinimumVisualStudioVersion = 10.0.40219.1
Project("{FAE04EC0-301F-11D3-BF4B-00C04F79EFBC}") = "AdventureGameConsole", "AdventureGameConsole\AdventureGameConsole.csproj", "{5548775E-88EF-46A7-9DC2-E91BC805B76F}"
EndProject
Global
	GlobalSection(SolutionConfigurationPlatforms) = preSolution
		Debug|Any CPU = Debug|Any CPU
		Release|Any CPU = Release|Any CPU
	EndGlobalSection
	GlobalSection(ProjectConfigurationPlatforms) = postSolution
		{5548775E-88EF-46A7-9DC2-E91BC805B76F}.Debug|Any CPU.ActiveCfg = Debug|Any CPU
		{5548775E-88EF-46A7-9DC2-E91BC805B76F}.Debug|Any CPU.Build.0 = Debug|Any CPU
		{5548775E-88EF-46A7-9DC2-E91BC805B76F}.Release|Any CPU.ActiveCfg = Release|Any CPU
		{5548775E-88EF-46A7-9DC2-E91BC805B76F}.Release|Any CPU.Build.0 = Release|Any CPU
	EndGlobalSection
	GlobalSection(SolutionProperties) = preSolution
		HideSolutionNode = FALSE
	EndGlobalSection
	GlobalSection(ExtensibilityGlobals) = postSolution
		SolutionGuid = {0C069EA7-AE69-479E-9062-AFA391DF68C0}
	EndGlobalSection
EndGlobal
